
Microsoft Visual Studio Solution File, Format Version 12.00
# Visual Studio Version 17
VisualStudioVersion = 17.11.35312.102
MinimumVisualStudioVersion = 10.0.40219.1
Project("{FAE04EC0-301F-11D3-BF4B-00C04F79EFBC}") = "BattleShip", "BattleShip\BattleShip.csproj", "{A1E7F65B-0BDF-45FC-A4FA-07D6A820D6DD}"
EndProject
Project("{FAE04EC0-301F-11D3-BF4B-00C04F79EFBC}") = "Client", "Client\Client.csproj", "{A9EA2809-C7B2-4D8D-B9AC-012254FAA48C}"
EndProject
Global
	GlobalSection(SolutionConfigurationPlatforms) = preSolution
		Debug|Any CPU = Debug|Any CPU
		Release|Any CPU = Release|Any CPU
	EndGlobalSection
	GlobalSection(ProjectConfigurationPlatforms) = postSolution
		{A1E7F65B-0BDF-45FC-A4FA-07D6A820D6DD}.Debug|Any CPU.ActiveCfg = Debug|Any CPU
		{A1E7F65B-0BDF-45FC-A4FA-07D6A820D6DD}.Debug|Any CPU.Build.0 = Debug|Any CPU
		{A1E7F65B-0BDF-45FC-A4FA-07D6A820D6DD}.Release|Any CPU.ActiveCfg = Release|Any CPU
		{A1E7F65B-0BDF-45FC-A4FA-07D6A820D6DD}.Release|Any CPU.Build.0 = Release|Any CPU
		{A9EA2809-C7B2-4D8D-B9AC-012254FAA48C}.Debug|Any CPU.ActiveCfg = Debug|Any CPU
		{A9EA2809-C7B2-4D8D-B9AC-012254FAA48C}.Debug|Any CPU.Build.0 = Debug|Any CPU
		{A9EA2809-C7B2-4D8D-B9AC-012254FAA48C}.Release|Any CPU.ActiveCfg = Release|Any CPU
		{A9EA2809-C7B2-4D8D-B9AC-012254FAA48C}.Release|Any CPU.Build.0 = Release|Any CPU
	EndGlobalSection
	GlobalSection(SolutionProperties) = preSolution
		HideSolutionNode = FALSE
	EndGlobalSection
	GlobalSection(ExtensibilityGlobals) = postSolution
		SolutionGuid = {C3254E60-0AD9-48D2-A311-C01AFCF930BC}
	EndGlobalSection
EndGlobal
